<?xml version="1.0" encoding="utf-8"?>
<Project ToolsVersion="4.0" xmlns="http://schemas.microsoft.com/developer/msbuild/2003">
  <ItemGroup>
    <Filter Include="源文件">
      <UniqueIdentifier>{4FC737F1-C7A5-4376-A066-2A32D752A2FF}</UniqueIdentifier>
      <Extensions>cpp;c;cc;cxx;def;odl;idl;hpj;bat;asm;asmx</Extensions>
    </Filter>
    <Filter Include="头文件">
      <UniqueIdentifier>{93995380-89BD-4b04-88EB-625FBE52EBFB}</UniqueIdentifier>
      <Extensions>h;hh;hpp;hxx;hm;inl;inc;xsd</Extensions>
    </Filter>
    <Filter Include="资源文件">
      <UniqueIdentifier>{67DA6AB6-F800-4c08-8B7A-83BB121AAD01}</UniqueIdentifier>
      <Extensions>rc;ico;cur;bmp;dlg;rc2;rct;bin;rgs;gif;jpg;jpeg;jpe;resx;tiff;tif;png;wav;mfcribbon-ms</Extensions>
    </Filter>
    <Filter Include="头文件\po">
      <UniqueIdentifier>{1b0bc30f-5514-4fc6-94a6-0712fdf55e4e}</UniqueIdentifier>
    </Filter>
    <Filter Include="源文件\po">
      <UniqueIdentifier>{3e9162ac-a517-462e-90b2-fa81fff0c3fa}</UniqueIdentifier>
    </Filter>
    <Filter Include="头文件\dao">
      <UniqueIdentifier>{31e4f877-c7cb-44dc-b9ec-2761a53ca347}</UniqueIdentifier>
    </Filter>
    <Filter Include="源文件\dao">
      <UniqueIdentifier>{3851ec64-5399-418b-8323-496c15705563}</UniqueIdentifier>
    </Filter>
    <Filter Include="头文件\service">
      <UniqueIdentifier>{112bac07-522a-4041-be79-e23cb9b20871}</UniqueIdentifier>
    </Filter>
    <Filter Include="源文件\service">
      <UniqueIdentifier>{0bf76df7-454c-47c8-b56d-dc743afa222b}</UniqueIdentifier>
    </Filter>
  </ItemGroup>
  <ItemGroup>
    <ClInclude Include="ABook.h">
      <Filter>头文件\po</Filter>
    </ClInclude>
    <ClInclude Include="Book.h">
      <Filter>头文件\po</Filter>
    </ClInclude>
    <ClInclude Include="BookType.h">
      <Filter>头文件\po</Filter>
    </ClInclude>
    <ClInclude Include="Record.h">
      <Filter>头文件\po</Filter>
    </ClInclude>
    <ClInclude Include="User.h">
      <Filter>头文件\po</Filter>
    </ClInclude>
    <ClInclude Include="BookDao.h">
      <Filter>头文件\dao</Filter>
    </ClInclude>
    <ClInclude Include="UserDao.h">
      <Filter>头文件\dao</Filter>
    </ClInclude>
    <ClInclude Include="TypeDao.h">
      <Filter>头文件\dao</Filter>
    </ClInclude>
    <ClInclude Include="RecordDao.h">
      <Filter>头文件\dao</Filter>
    </ClInclude>
    <ClInclude Include="ConsoleCommand.h">
      <Filter>头文件</Filter>
    </ClInclude>
    <ClInclude Include="BookService.h">
      <Filter>头文件\service</Filter>
    </ClInclude>
    <ClInclude Include="UserService.h">
      <Filter>头文件\service</Filter>
    </ClInclude>
    <ClInclude Include="RecordService.h">
      <Filter>头文件\service</Filter>
    </ClInclude>
    <ClInclude Include="ABookDao.h">
      <Filter>头文件\dao</Filter>
    </ClInclude>
    <ClInclude Include="TypeService.h">
      <Filter>头文件\service</Filter>
    </ClInclude>
    <ClInclude Include="DataBase.hpp">
      <Filter>头文件\dao</Filter>
    </ClInclude>
    <ClInclude Include="RecordVo.h">
      <Filter>头文件\po</Filter>
    </ClInclude>
  </ItemGroup>
  <ItemGroup>
    <ClCompile Include="ABook.cpp">
      <Filter>源文件\po</Filter>
    </ClCompile>
    <ClCompile Include="Book.cpp">
      <Filter>源文件\po</Filter>
    </ClCompile>
    <ClCompile Include="BookType.cpp">
      <Filter>源文件\po</Filter>
    </ClCompile>
    <ClCompile Include="Record.cpp">
      <Filter>源文件\po</Filter>
    </ClCompile>
    <ClCompile Include="User.cpp">
      <Filter>源文件\po</Filter>
    </ClCompile>
    <ClCompile Include="UserDao.cpp">
      <Filter>源文件\dao</Filter>
    </ClCompile>
    <ClCompile Include="TypeDao.cpp">
      <Filter>源文件\dao</Filter>
    </ClCompile>
    <ClCompile Include="BookDao.cpp">
      <Filter>源文件\dao</Filter>
    </ClCompile>
    <ClCompile Include="RecordDao.cpp">
      <Filter>源文件\dao</Filter>
    </ClCompile>
    <ClCompile Include="ConsoleCommand.cpp">
      <Filter>源文件</Filter>
    </ClCompile>
    <ClCompile Include="UserService.cpp">
      <Filter>源文件\service</Filter>
    </ClCompile>
    <ClCompile Include="RecordService.cpp">
      <Filter>源文件\service</Filter>
    </ClCompile>
    <ClCompile Include="ABookDao.cpp">
      <Filter>源文件\dao</Filter>
    </ClCompile>
    <ClCompile Include="BookService.cpp">
      <Filter>源文件\service</Filter>
    </ClCompile>
    <ClCompile Include="TypeService.cpp">
      <Filter>源文件\service</Filter>
    </ClCompile>
    <ClCompile Include="main.cpp">
      <Filter>源文件</Filter>
    </ClCompile>
    <ClCompile Include="RecordVo.cpp">
      <Filter>源文件\po</Filter>
    </ClCompile>
  </ItemGroup>
  <ItemGroup>
    <None Include="Dao.hpp">
      <Filter>头文件\dao</Filter>
    </None>
  </ItemGroup>
</Project>